
Microsoft Visual Studio Solution File, Format Version 12.00
# Visual Studio Version 17
VisualStudioVersion = 17.7.34031.279
MinimumVisualStudioVersion = 10.0.40219.1
Project("{9A19103F-16F7-4668-BE54-9A1E7A4F7556}") = "MVC", "MVC\MVC.csproj", "{CDD92913-131E-4C26-8173-72A2ABB51D90}"
EndProject
Project("{9A19103F-16F7-4668-BE54-9A1E7A4F7556}") = "DataAccess", "DataAccess\DataAccess.csproj", "{2F20DC33-AE43-497B-9B19-FBF215D07952}"
EndProject
Project("{2150E333-8FDC-42A3-9474-1A3956D46DE8}") = "Solution Items", "Solution Items", "{8F24EC19-919A-4E51-97A4-F91A2D0EC13C}"
	ProjectSection(SolutionItems) = preProject
		ReadMe.txt = ReadMe.txt
	EndProjectSection
EndProject
Project("{FAE04EC0-301F-11D3-BF4B-00C04F79EFBC}") = "Business", "Business\Business.csproj", "{233D79E6-6E6E-46A7-8E44-61C3BA4C1182}"
EndProject
Global
	GlobalSection(SolutionConfigurationPlatforms) = preSolution
		Debug|Any CPU = Debug|Any CPU
		Release|Any CPU = Release|Any CPU
	EndGlobalSection
	GlobalSection(ProjectConfigurationPlatforms) = postSolution
		{CDD92913-131E-4C26-8173-72A2ABB51D90}.Debug|Any CPU.ActiveCfg = Debug|Any CPU
		{CDD92913-131E-4C26-8173-72A2ABB51D90}.Debug|Any CPU.Build.0 = Debug|Any CPU
		{CDD92913-131E-4C26-8173-72A2ABB51D90}.Release|Any CPU.ActiveCfg = Release|Any CPU
		{CDD92913-131E-4C26-8173-72A2ABB51D90}.Release|Any CPU.Build.0 = Release|Any CPU
		{2F20DC33-AE43-497B-9B19-FBF215D07952}.Debug|Any CPU.ActiveCfg = Debug|Any CPU
		{2F20DC33-AE43-497B-9B19-FBF215D07952}.Debug|Any CPU.Build.0 = Debug|Any CPU
		{2F20DC33-AE43-497B-9B19-FBF215D07952}.Release|Any CPU.ActiveCfg = Release|Any CPU
		{2F20DC33-AE43-497B-9B19-FBF215D07952}.Release|Any CPU.Build.0 = Release|Any CPU
		{233D79E6-6E6E-46A7-8E44-61C3BA4C1182}.Debug|Any CPU.ActiveCfg = Debug|Any CPU
		{233D79E6-6E6E-46A7-8E44-61C3BA4C1182}.Debug|Any CPU.Build.0 = Debug|Any CPU
		{233D79E6-6E6E-46A7-8E44-61C3BA4C1182}.Release|Any CPU.ActiveCfg = Release|Any CPU
		{233D79E6-6E6E-46A7-8E44-61C3BA4C1182}.Release|Any CPU.Build.0 = Release|Any CPU
	EndGlobalSection
	GlobalSection(SolutionProperties) = preSolution
		HideSolutionNode = FALSE
	EndGlobalSection
	GlobalSection(ExtensibilityGlobals) = postSolution
		SolutionGuid = {5EDE5E4B-A016-47B8-9549-268E628F3255}
	EndGlobalSection
EndGlobal
